{
  "name": "@atjson/schema",
  "version": "0.7.9",
  "lockfileVersion": 1,
  "requires": true,
  "dependencies": {
    "@atjson/document": {
      "version": "0.7.12",
      "resolved": "https://registry.npmjs.org/@atjson/document/-/document-0.7.12.tgz",
      "integrity": "sha512-ww95XVEfaqrCC14YzonK3h5PmaYEuCbP4d8u40kG8/oUBxi3X0ZAskDHuLqbFVxuLoQpp0xvGJlhzwVJN6pTQQ=="
    }
  }
}
