{
  "name": "@atjson/offset-editor",
  "version": "0.8.0",
  "lockfileVersion": 1,
  "requires": true,
  "dependencies": {
    "@atjson/document": {
      "version": "0.8.4",
      "resolved": "https://registry.npmjs.org/@atjson/document/-/document-0.8.4.tgz",
      "integrity": "sha512-uOvHrGHfm1n0Ni4PYN/GwvcCYVeJDbVG0Tstw+mfoE0Hipw9x0dEq1dxmIyh95w5lOW4YDXNmhpA86UcMpOijA=="
    },
    "@atjson/renderer-commonmark": {
      "version": "0.8.4",
      "resolved": "https://registry.npmjs.org/@atjson/renderer-commonmark/-/renderer-commonmark-0.8.4.tgz",
      "integrity": "sha512-mQQnuqAt3Q3jBRlSx0VBDUX5OaqDJTS0UtNw6/GpVuBGFzzbjlbiizQVcCwvq69txtBHshlDxmugHoAM/+41BA==",
      "requires": {
        "@atjson/document": "0.8.4",
        "@atjson/hir": "0.8.4"
      },
      "dependencies": {
        "@atjson/hir": {
          "version": "0.8.4",
          "resolved": "https://registry.npmjs.org/@atjson/hir/-/hir-0.8.4.tgz",
          "integrity": "sha512-DG7UVtEpiVjLcCNPGMIW0biGLgEBNQyB+fP4YPmouarCdqeAsLZpnwFYBTzy54SjEz5mikSkG9CXcnNx9J/HjQ==",
          "requires": {
            "@atjson/document": "0.8.4"
          }
        }
      }
    }
  }
}
