{
	"name": "@atjson/source-commonmark",
	"version": "0.7.12",
	"lockfileVersion": 1,
	"requires": true,
	"dependencies": {
		"@atjson/document": {
			"version": "0.7.12",
			"resolved": "https://registry.npmjs.org/@atjson/document/-/document-0.7.12.tgz",
			"integrity": "sha512-ww95XVEfaqrCC14YzonK3h5PmaYEuCbP4d8u40kG8/oUBxi3X0ZAskDHuLqbFVxuLoQpp0xvGJlhzwVJN6pTQQ=="
		},
		"@atjson/hir": {
			"version": "0.7.12",
			"resolved": "https://registry.npmjs.org/@atjson/hir/-/hir-0.7.12.tgz",
			"integrity": "sha512-1L2iPnhwAzFK5U5UI3idUCSpewJ4ySD+2qVs+nyqh5bRbPJ2zX7YeXY4i+8XVhEtqAaYXNJTs/QMSw+lQdBgjg==",
			"dev": true,
			"requires": {
				"@atjson/document": "0.7.12"
			}
		},
		"@atjson/renderer-hir": {
			"version": "0.7.12",
			"resolved": "https://registry.npmjs.org/@atjson/renderer-hir/-/renderer-hir-0.7.12.tgz",
			"integrity": "sha512-VwjmJijnQBMDYnX1eP/vhvgPIBOt4P1j748DZcO23ITE5ek5gHxLTOGCc0GhPPQ9ooAUg/rOJyxuo2auyH2Dig==",
			"dev": true,
			"requires": {
				"@atjson/document": "0.7.12",
				"@atjson/hir": "0.7.12"
			}
		},
		"@atjson/schema": {
			"version": "0.7.9",
			"resolved": "https://registry.npmjs.org/@atjson/schema/-/schema-0.7.9.tgz",
			"integrity": "sha1-U8oWFFI8DV3+fMThUBQj/Hfo5kE="
		},
		"@atjson/source-html": {
			"version": "0.7.12",
			"resolved": "https://registry.npmjs.org/@atjson/source-html/-/source-html-0.7.12.tgz",
			"integrity": "sha512-0JIfWcF4Y8SlB47SbTWQql5iM7sr5clTMd3xLjJBJaoDqM4qoWNdYZUap1OC7Giav++P2WNCwjwSZGcDTjsZkg==",
			"requires": {
				"@atjson/document": "0.7.12",
				"parse5": "4.0.0"
			}
		},
		"@types/entities": {
			"version": "1.1.0",
			"resolved": "https://registry.npmjs.org/@types/entities/-/entities-1.1.0.tgz",
			"integrity": "sha1-B61gR53/fhth2VzpZpeYfVOmYs0="
		},
		"@types/markdown-it": {
			"version": "0.0.4",
			"resolved": "https://registry.npmjs.org/@types/markdown-it/-/markdown-it-0.0.4.tgz",
			"integrity": "sha512-FWR7QB7EqBRq1s9BMk0ccOSOuRLfVEWYpHQYpFPaXtCoqN6dJx2ttdsdQbUxLLnAlKpYeVjveGGhQ3583TTa7g=="
		},
		"argparse": {
			"version": "1.0.10",
			"resolved": "https://registry.npmjs.org/argparse/-/argparse-1.0.10.tgz",
			"integrity": "sha512-o5Roy6tNG4SL/FOkCAN6RzjiakZS25RLYFrcMttJqbdd8BWrnA+fGz57iN5Pb06pvBGvl5gQ0B48dJlslXvoTg==",
			"requires": {
				"sprintf-js": "1.0.3"
			}
		},
		"commonmark": {
			"version": "0.28.1",
			"resolved": "https://registry.npmjs.org/commonmark/-/commonmark-0.28.1.tgz",
			"integrity": "sha1-Buq41SM4uDn6Gi11rwCF7tGxvq4=",
			"dev": true,
			"requires": {
				"entities": "1.1.1",
				"mdurl": "1.0.1",
				"minimist": "1.2.0",
				"string.prototype.repeat": "0.2.0"
			}
		},
		"commonmark-spec": {
			"version": "0.28.0",
			"resolved": "https://registry.npmjs.org/commonmark-spec/-/commonmark-spec-0.28.0.tgz",
			"integrity": "sha1-fd6N5+HqyrZV5hZIKA5xTEhaU/I=",
			"dev": true
		},
		"entities": {
			"version": "1.1.1",
			"resolved": "https://registry.npmjs.org/entities/-/entities-1.1.1.tgz",
			"integrity": "sha1-blwtClYhtdra7O+AuQ7ftc13cvA="
		},
		"linkify-it": {
			"version": "2.0.3",
			"resolved": "https://registry.npmjs.org/linkify-it/-/linkify-it-2.0.3.tgz",
			"integrity": "sha1-2UpGSPmxwXnWT6lykSaL22zpQ08=",
			"requires": {
				"uc.micro": "1.0.5"
			}
		},
		"markdown-it": {
			"version": "8.4.1",
			"resolved": "https://registry.npmjs.org/markdown-it/-/markdown-it-8.4.1.tgz",
			"integrity": "sha512-CzzqSSNkFRUf9vlWvhK1awpJreMRqdCrBvZ8DIoDWTOkESMIF741UPAhuAmbyWmdiFPA6WARNhnu2M6Nrhwa+A==",
			"requires": {
				"argparse": "1.0.10",
				"entities": "1.1.1",
				"linkify-it": "2.0.3",
				"mdurl": "1.0.1",
				"uc.micro": "1.0.5"
			}
		},
		"mdurl": {
			"version": "1.0.1",
			"resolved": "https://registry.npmjs.org/mdurl/-/mdurl-1.0.1.tgz",
			"integrity": "sha1-/oWy7HWlkDfyrf7BAP1sYBdhFS4="
		},
		"minimist": {
			"version": "1.2.0",
			"resolved": "https://registry.npmjs.org/minimist/-/minimist-1.2.0.tgz",
			"integrity": "sha1-o1AIsg9BOD7sH7kU9M1d95omQoQ=",
			"dev": true
		},
		"parse5": {
			"version": "4.0.0",
			"resolved": "https://registry.npmjs.org/parse5/-/parse5-4.0.0.tgz",
			"integrity": "sha512-VrZ7eOd3T1Fk4XWNXMgiGBK/z0MG48BWG2uQNU4I72fkQuKUTZpl+u9k+CxEG0twMVzSmXEEz12z5Fnw1jIQFA=="
		},
		"sprintf-js": {
			"version": "1.0.3",
			"resolved": "https://registry.npmjs.org/sprintf-js/-/sprintf-js-1.0.3.tgz",
			"integrity": "sha1-BOaSb2YolTVPPdAVIDYzuFcpfiw="
		},
		"string.prototype.repeat": {
			"version": "0.2.0",
			"resolved": "https://registry.npmjs.org/string.prototype.repeat/-/string.prototype.repeat-0.2.0.tgz",
			"integrity": "sha1-q6Nt4I3O5qWjN9SbLqHaGyj8Ds8=",
			"dev": true
		},
		"typescript": {
			"version": "2.5.3",
			"resolved": "https://registry.npmjs.org/typescript/-/typescript-2.5.3.tgz",
			"integrity": "sha512-ptLSQs2S4QuS6/OD1eAKG+S5G8QQtrU5RT32JULdZQtM1L3WTi34Wsu48Yndzi8xsObRAB9RPt/KhA9wlpEF6w==",
			"dev": true
		},
		"uc.micro": {
			"version": "1.0.5",
			"resolved": "https://registry.npmjs.org/uc.micro/-/uc.micro-1.0.5.tgz",
			"integrity": "sha512-JoLI4g5zv5qNyT09f4YAvEZIIV1oOjqnewYg5D38dkQljIzpPT296dbIGvKro3digYI1bkb7W6EP1y4uDlmzLg=="
		}
	}
}
