{
  "name": "docusaurus-typescript-loader",
  "requires": true,
  "lockfileVersion": 1,
  "dependencies": {
    "@babel/code-frame": {
      "version": "7.10.1",
      "resolved": "https://registry.npmjs.org/@babel/code-frame/-/code-frame-7.10.1.tgz",
      "integrity": "sha512-IGhtTmpjGbYzcEDOw7DcQtbQSXcG9ftmAXtWTu9V936vDye4xjjekktFAtgZsWpzTj/X01jocB46mTywm/4SZw==",
      "requires": {
        "@babel/highlight": "^7.10.1"
      }
    },
    "@babel/generator": {
      "version": "7.10.2",
      "resolved": "https://registry.npmjs.org/@babel/generator/-/generator-7.10.2.tgz",
      "integrity": "sha512-AxfBNHNu99DTMvlUPlt1h2+Hn7knPpH5ayJ8OqDWSeLld+Fi2AYBTC/IejWDM9Edcii4UzZRCsbUt0WlSDsDsA==",
      "requires": {
        "@babel/types": "^7.10.2",
        "jsesc": "^2.5.1",
        "lodash": "^4.17.13",
        "source-map": "^0.5.0"
      }
    },
    "@babel/helper-create-class-features-plugin": {
      "version": "7.10.2",
      "resolved": "https://registry.npmjs.org/@babel/helper-create-class-features-plugin/-/helper-create-class-features-plugin-7.10.2.tgz",
      "integrity": "sha512-5C/QhkGFh1vqcziq1vAL6SI9ymzUp8BCYjFpvYVhWP4DlATIb3u5q3iUd35mvlyGs8fO7hckkW7i0tmH+5+bvQ==",
      "requires": {
        "@babel/helper-function-name": "^7.10.1",
        "@babel/helper-member-expression-to-functions": "^7.10.1",
        "@babel/helper-optimise-call-expression": "^7.10.1",
        "@babel/helper-plugin-utils": "^7.10.1",
        "@babel/helper-replace-supers": "^7.10.1",
        "@babel/helper-split-export-declaration": "^7.10.1"
      }
    },
    "@babel/helper-function-name": {
      "version": "7.10.1",
      "resolved": "https://registry.npmjs.org/@babel/helper-function-name/-/helper-function-name-7.10.1.tgz",
      "integrity": "sha512-fcpumwhs3YyZ/ttd5Rz0xn0TpIwVkN7X0V38B9TWNfVF42KEkhkAAuPCQ3oXmtTRtiPJrmZ0TrfS0GKF0eMaRQ==",
      "requires": {
        "@babel/helper-get-function-arity": "^7.10.1",
        "@babel/template": "^7.10.1",
        "@babel/types": "^7.10.1"
      }
    },
    "@babel/helper-get-function-arity": {
      "version": "7.10.1",
      "resolved": "https://registry.npmjs.org/@babel/helper-get-function-arity/-/helper-get-function-arity-7.10.1.tgz",
      "integrity": "sha512-F5qdXkYGOQUb0hpRaPoetF9AnsXknKjWMZ+wmsIRsp5ge5sFh4c3h1eH2pRTTuy9KKAA2+TTYomGXAtEL2fQEw==",
      "requires": {
        "@babel/types": "^7.10.1"
      }
    },
    "@babel/helper-member-expression-to-functions": {
      "version": "7.10.1",
      "resolved": "https://registry.npmjs.org/@babel/helper-member-expression-to-functions/-/helper-member-expression-to-functions-7.10.1.tgz",
      "integrity": "sha512-u7XLXeM2n50gb6PWJ9hoO5oO7JFPaZtrh35t8RqKLT1jFKj9IWeD1zrcrYp1q1qiZTdEarfDWfTIP8nGsu0h5g==",
      "requires": {
        "@babel/types": "^7.10.1"
      }
    },
    "@babel/helper-optimise-call-expression": {
      "version": "7.10.1",
      "resolved": "https://registry.npmjs.org/@babel/helper-optimise-call-expression/-/helper-optimise-call-expression-7.10.1.tgz",
      "integrity": "sha512-a0DjNS1prnBsoKx83dP2falChcs7p3i8VMzdrSbfLhuQra/2ENC4sbri34dz/rWmDADsmF1q5GbfaXydh0Jbjg==",
      "requires": {
        "@babel/types": "^7.10.1"
      }
    },
    "@babel/helper-plugin-utils": {
      "version": "7.10.1",
      "resolved": "https://registry.npmjs.org/@babel/helper-plugin-utils/-/helper-plugin-utils-7.10.1.tgz",
      "integrity": "sha512-fvoGeXt0bJc7VMWZGCAEBEMo/HAjW2mP8apF5eXK0wSqwLAVHAISCWRoLMBMUs2kqeaG77jltVqu4Hn8Egl3nA=="
    },
    "@babel/helper-replace-supers": {
      "version": "7.10.1",
      "resolved": "https://registry.npmjs.org/@babel/helper-replace-supers/-/helper-replace-supers-7.10.1.tgz",
      "integrity": "sha512-SOwJzEfpuQwInzzQJGjGaiG578UYmyi2Xw668klPWV5n07B73S0a9btjLk/52Mlcxa+5AdIYqws1KyXRfMoB7A==",
      "requires": {
        "@babel/helper-member-expression-to-functions": "^7.10.1",
        "@babel/helper-optimise-call-expression": "^7.10.1",
        "@babel/traverse": "^7.10.1",
        "@babel/types": "^7.10.1"
      }
    },
    "@babel/helper-split-export-declaration": {
      "version": "7.10.1",
      "resolved": "https://registry.npmjs.org/@babel/helper-split-export-declaration/-/helper-split-export-declaration-7.10.1.tgz",
      "integrity": "sha512-UQ1LVBPrYdbchNhLwj6fetj46BcFwfS4NllJo/1aJsT+1dLTEnXJL0qHqtY7gPzF8S2fXBJamf1biAXV3X077g==",
      "requires": {
        "@babel/types": "^7.10.1"
      }
    },
    "@babel/helper-validator-identifier": {
      "version": "7.10.1",
      "resolved": "https://registry.npmjs.org/@babel/helper-validator-identifier/-/helper-validator-identifier-7.10.1.tgz",
      "integrity": "sha512-5vW/JXLALhczRCWP0PnFDMCJAchlBvM7f4uk/jXritBnIa6E1KmqmtrS3yn1LAnxFBypQ3eneLuXjsnfQsgILw=="
    },
    "@babel/highlight": {
      "version": "7.10.1",
      "resolved": "https://registry.npmjs.org/@babel/highlight/-/highlight-7.10.1.tgz",
      "integrity": "sha512-8rMof+gVP8mxYZApLF/JgNDAkdKa+aJt3ZYxF8z6+j/hpeXL7iMsKCPHa2jNMHu/qqBwzQF4OHNoYi8dMA/rYg==",
      "requires": {
        "@babel/helper-validator-identifier": "^7.10.1",
        "chalk": "^2.0.0",
        "js-tokens": "^4.0.0"
      }
    },
    "@babel/parser": {
      "version": "7.10.2",
      "resolved": "https://registry.npmjs.org/@babel/parser/-/parser-7.10.2.tgz",
      "integrity": "sha512-PApSXlNMJyB4JiGVhCOlzKIif+TKFTvu0aQAhnTvfP/z3vVSN6ZypH5bfUNwFXXjRQtUEBNFd2PtmCmG2Py3qQ=="
    },
    "@babel/plugin-proposal-class-properties": {
      "version": "7.10.1",
      "resolved": "https://registry.npmjs.org/@babel/plugin-proposal-class-properties/-/plugin-proposal-class-properties-7.10.1.tgz",
      "integrity": "sha512-sqdGWgoXlnOdgMXU+9MbhzwFRgxVLeiGBqTrnuS7LC2IBU31wSsESbTUreT2O418obpfPdGUR2GbEufZF1bpqw==",
      "requires": {
        "@babel/helper-create-class-features-plugin": "^7.10.1",
        "@babel/helper-plugin-utils": "^7.10.1"
      }
    },
    "@babel/plugin-proposal-object-rest-spread": {
      "version": "7.10.1",
      "resolved": "https://registry.npmjs.org/@babel/plugin-proposal-object-rest-spread/-/plugin-proposal-object-rest-spread-7.10.1.tgz",
      "integrity": "sha512-Z+Qri55KiQkHh7Fc4BW6o+QBuTagbOp9txE+4U1i79u9oWlf2npkiDx+Rf3iK3lbcHBuNy9UOkwuR5wOMH3LIQ==",
      "requires": {
        "@babel/helper-plugin-utils": "^7.10.1",
        "@babel/plugin-syntax-object-rest-spread": "^7.8.0",
        "@babel/plugin-transform-parameters": "^7.10.1"
      }
    },
    "@babel/plugin-syntax-object-rest-spread": {
      "version": "7.8.3",
      "resolved": "https://registry.npmjs.org/@babel/plugin-syntax-object-rest-spread/-/plugin-syntax-object-rest-spread-7.8.3.tgz",
      "integrity": "sha512-XoqMijGZb9y3y2XskN+P1wUGiVwWZ5JmoDRwx5+3GmEplNyVM2s2Dg8ILFQm8rWM48orGy5YpI5Bl8U1y7ydlA==",
      "requires": {
        "@babel/helper-plugin-utils": "^7.8.0"
      }
    },
    "@babel/plugin-syntax-typescript": {
      "version": "7.10.1",
      "resolved": "https://registry.npmjs.org/@babel/plugin-syntax-typescript/-/plugin-syntax-typescript-7.10.1.tgz",
      "integrity": "sha512-X/d8glkrAtra7CaQGMiGs/OGa6XgUzqPcBXCIGFCpCqnfGlT0Wfbzo/B89xHhnInTaItPK8LALblVXcUOEh95Q==",
      "requires": {
        "@babel/helper-plugin-utils": "^7.10.1"
      }
    },
    "@babel/plugin-transform-parameters": {
      "version": "7.10.1",
      "resolved": "https://registry.npmjs.org/@babel/plugin-transform-parameters/-/plugin-transform-parameters-7.10.1.tgz",
      "integrity": "sha512-tJ1T0n6g4dXMsL45YsSzzSDZCxiHXAQp/qHrucOq5gEHncTA3xDxnd5+sZcoQp+N1ZbieAaB8r/VUCG0gqseOg==",
      "requires": {
        "@babel/helper-get-function-arity": "^7.10.1",
        "@babel/helper-plugin-utils": "^7.10.1"
      }
    },
    "@babel/plugin-transform-typescript": {
      "version": "7.10.1",
      "resolved": "https://registry.npmjs.org/@babel/plugin-transform-typescript/-/plugin-transform-typescript-7.10.1.tgz",
      "integrity": "sha512-v+QWKlmCnsaimLeqq9vyCsVRMViZG1k2SZTlcZvB+TqyH570Zsij8nvVUZzOASCRiQFUxkLrn9Wg/kH0zgy5OQ==",
      "requires": {
        "@babel/helper-create-class-features-plugin": "^7.10.1",
        "@babel/helper-plugin-utils": "^7.10.1",
        "@babel/plugin-syntax-typescript": "^7.10.1"
      }
    },
    "@babel/preset-typescript": {
      "version": "7.10.1",
      "resolved": "https://registry.npmjs.org/@babel/preset-typescript/-/preset-typescript-7.10.1.tgz",
      "integrity": "sha512-m6GV3y1ShiqxnyQj10600ZVOFrSSAa8HQ3qIUk2r+gcGtHTIRw0dJnFLt1WNXpKjtVw7yw1DAPU/6ma2ZvgJuA==",
      "requires": {
        "@babel/helper-plugin-utils": "^7.10.1",
        "@babel/plugin-transform-typescript": "^7.10.1"
      }
    },
    "@babel/template": {
      "version": "7.10.1",
      "resolved": "https://registry.npmjs.org/@babel/template/-/template-7.10.1.tgz",
      "integrity": "sha512-OQDg6SqvFSsc9A0ej6SKINWrpJiNonRIniYondK2ViKhB06i3c0s+76XUft71iqBEe9S1OKsHwPAjfHnuvnCig==",
      "requires": {
        "@babel/code-frame": "^7.10.1",
        "@babel/parser": "^7.10.1",
        "@babel/types": "^7.10.1"
      }
    },
    "@babel/traverse": {
      "version": "7.10.1",
      "resolved": "https://registry.npmjs.org/@babel/traverse/-/traverse-7.10.1.tgz",
      "integrity": "sha512-C/cTuXeKt85K+p08jN6vMDz8vSV0vZcI0wmQ36o6mjbuo++kPMdpOYw23W2XH04dbRt9/nMEfA4W3eR21CD+TQ==",
      "requires": {
        "@babel/code-frame": "^7.10.1",
        "@babel/generator": "^7.10.1",
        "@babel/helper-function-name": "^7.10.1",
        "@babel/helper-split-export-declaration": "^7.10.1",
        "@babel/parser": "^7.10.1",
        "@babel/types": "^7.10.1",
        "debug": "^4.1.0",
        "globals": "^11.1.0",
        "lodash": "^4.17.13"
      }
    },
    "@babel/types": {
      "version": "7.10.2",
      "resolved": "https://registry.npmjs.org/@babel/types/-/types-7.10.2.tgz",
      "integrity": "sha512-AD3AwWBSz0AWF0AkCN9VPiWrvldXq+/e3cHa4J89vo4ymjz1XwrBFFVZmkJTsQIPNk+ZVomPSXUJqq8yyjZsng==",
      "requires": {
        "@babel/helper-validator-identifier": "^7.10.1",
        "lodash": "^4.17.13",
        "to-fast-properties": "^2.0.0"
      }
    },
    "ansi-styles": {
      "version": "3.2.1",
      "resolved": "https://registry.npmjs.org/ansi-styles/-/ansi-styles-3.2.1.tgz",
      "integrity": "sha512-VT0ZI6kZRdTh8YyJw3SMbYm/u+NqfsAxEpWO0Pf9sq8/e94WxxOpPKx9FR1FlyCtOVDNOQ+8ntlqFxiRc+r5qA==",
      "requires": {
        "color-convert": "^1.9.0"
      }
    },
    "chalk": {
      "version": "2.4.2",
      "resolved": "https://registry.npmjs.org/chalk/-/chalk-2.4.2.tgz",
      "integrity": "sha512-Mti+f9lpJNcwF4tWV8/OrTTtF1gZi+f8FqlyAdouralcFWFQWF2+NgCHShjkCb+IFBLq9buZwE1xckQU4peSuQ==",
      "requires": {
        "ansi-styles": "^3.2.1",
        "escape-string-regexp": "^1.0.5",
        "supports-color": "^5.3.0"
      }
    },
    "color-convert": {
      "version": "1.9.3",
      "resolved": "https://registry.npmjs.org/color-convert/-/color-convert-1.9.3.tgz",
      "integrity": "sha512-QfAUtd+vFdAtFQcC8CCyYt1fYWxSqAiK2cSD6zDB8N3cpsEBAvRxp9zOGg6G/SHHJYAT88/az/IuDGALsNVbGg==",
      "requires": {
        "color-name": "1.1.3"
      }
    },
    "color-name": {
      "version": "1.1.3",
      "resolved": "https://registry.npmjs.org/color-name/-/color-name-1.1.3.tgz",
      "integrity": "sha1-p9BVi9icQveV3UIyj3QIMcpTvCU="
    },
    "debug": {
      "version": "4.1.1",
      "resolved": "https://registry.npmjs.org/debug/-/debug-4.1.1.tgz",
      "integrity": "sha512-pYAIzeRo8J6KPEaJ0VWOh5Pzkbw/RetuzehGM7QRRX5he4fPHx2rdKMB256ehJCkX+XRQm16eZLqLNS8RSZXZw==",
      "requires": {
        "ms": "^2.1.1"
      }
    },
    "escape-string-regexp": {
      "version": "1.0.5",
      "resolved": "https://registry.npmjs.org/escape-string-regexp/-/escape-string-regexp-1.0.5.tgz",
      "integrity": "sha1-G2HAViGQqN/2rjuyzwIAyhMLhtQ="
    },
    "globals": {
      "version": "11.12.0",
      "resolved": "https://registry.npmjs.org/globals/-/globals-11.12.0.tgz",
      "integrity": "sha512-WOBp/EEGUiIsJSp7wcv/y6MO+lV9UoncWqxuFfm8eBwzWNgyfBd6Gz+IeKQ9jCmyhoH99g15M3T+QaVHFjizVA=="
    },
    "has-flag": {
      "version": "3.0.0",
      "resolved": "https://registry.npmjs.org/has-flag/-/has-flag-3.0.0.tgz",
      "integrity": "sha1-tdRU3CGZriJWmfNGfloH87lVuv0="
    },
    "js-tokens": {
      "version": "4.0.0",
      "resolved": "https://registry.npmjs.org/js-tokens/-/js-tokens-4.0.0.tgz",
      "integrity": "sha512-RdJUflcE3cUzKiMqQgsCu06FPu9UdIJO0beYbPhHN4k6apgJtifcoCtT9bcxOpYBtpD2kCM6Sbzg4CausW/PKQ=="
    },
    "jsesc": {
      "version": "2.5.2",
      "resolved": "https://registry.npmjs.org/jsesc/-/jsesc-2.5.2.tgz",
      "integrity": "sha512-OYu7XEzjkCQ3C5Ps3QIZsQfNpqoJyZZA99wd9aWd05NCtC5pWOkShK2mkL6HXQR6/Cy2lbNdPlZBpuQHXE63gA=="
    },
    "lodash": {
      "version": "4.17.15",
      "resolved": "https://registry.npmjs.org/lodash/-/lodash-4.17.15.tgz",
      "integrity": "sha512-8xOcRHvCjnocdS5cpwXQXVzmmh5e5+saE2QGoeQmbKmRS6J3VQppPOIt0MnmE+4xlZoumy0GPG0D0MVIQbNA1A=="
    },
    "ms": {
      "version": "2.1.2",
      "resolved": "https://registry.npmjs.org/ms/-/ms-2.1.2.tgz",
      "integrity": "sha512-sGkPx+VjMtmA6MX27oA4FBFELFCZZ4S4XqeGOXCv68tT+jb3vk/RyaKWP0PTKyWtmLSM0b+adUTEvbs1PEaH2w=="
    },
    "source-map": {
      "version": "0.5.7",
      "resolved": "https://registry.npmjs.org/source-map/-/source-map-0.5.7.tgz",
      "integrity": "sha1-igOdLRAh0i0eoUyA2OpGi6LvP8w="
    },
    "supports-color": {
      "version": "5.5.0",
      "resolved": "https://registry.npmjs.org/supports-color/-/supports-color-5.5.0.tgz",
      "integrity": "sha512-QjVjwdXIt408MIiAqCX4oUKsgU2EqAGzs2Ppkm4aQYbjm+ZEWEcW4SfFNTr4uMNZma0ey4f5lgLrkB0aX0QMow==",
      "requires": {
        "has-flag": "^3.0.0"
      }
    },
    "to-fast-properties": {
      "version": "2.0.0",
      "resolved": "https://registry.npmjs.org/to-fast-properties/-/to-fast-properties-2.0.0.tgz",
      "integrity": "sha1-3F5pjL0HkmW8c+A3doGk5Og/YW4="
    }
  }
}
