{
  "name": "docusaurus-typescript-loader",
  "requires": true,
  "lockfileVersion": 1,
  "dependencies": {
    "@babel/code-frame": {
      "version": "7.10.4",
      "resolved": "https://registry.npmjs.org/@babel/code-frame/-/code-frame-7.10.4.tgz",
      "integrity": "sha512-vG6SvB6oYEhvgisZNFRmRCUkLz11c7rp+tbNTynGqc6mS1d5ATd/sGyV6W0KZZnXRKMTzZDRgQT3Ou9jhpAfUg==",
      "requires": {
        "@babel/highlight": "^7.10.4"
      }
    },
    "@babel/generator": {
      "version": "7.12.1",
      "resolved": "https://registry.npmjs.org/@babel/generator/-/generator-7.12.1.tgz",
      "integrity": "sha512-DB+6rafIdc9o72Yc3/Ph5h+6hUjeOp66pF0naQBgUFFuPqzQwIlPTm3xZR7YNvduIMtkDIj2t21LSQwnbCrXvg==",
      "requires": {
        "@babel/types": "^7.12.1",
        "jsesc": "^2.5.1",
        "source-map": "^0.5.0"
      }
    },
    "@babel/helper-create-class-features-plugin": {
      "version": "7.12.1",
      "resolved": "https://registry.npmjs.org/@babel/helper-create-class-features-plugin/-/helper-create-class-features-plugin-7.12.1.tgz",
      "integrity": "sha512-hkL++rWeta/OVOBTRJc9a5Azh5mt5WgZUGAKMD8JM141YsE08K//bp1unBBieO6rUKkIPyUE0USQ30jAy3Sk1w==",
      "requires": {
        "@babel/helper-function-name": "^7.10.4",
        "@babel/helper-member-expression-to-functions": "^7.12.1",
        "@babel/helper-optimise-call-expression": "^7.10.4",
        "@babel/helper-replace-supers": "^7.12.1",
        "@babel/helper-split-export-declaration": "^7.10.4"
      }
    },
    "@babel/helper-function-name": {
      "version": "7.10.4",
      "resolved": "https://registry.npmjs.org/@babel/helper-function-name/-/helper-function-name-7.10.4.tgz",
      "integrity": "sha512-YdaSyz1n8gY44EmN7x44zBn9zQ1Ry2Y+3GTA+3vH6Mizke1Vw0aWDM66FOYEPw8//qKkmqOckrGgTYa+6sceqQ==",
      "requires": {
        "@babel/helper-get-function-arity": "^7.10.4",
        "@babel/template": "^7.10.4",
        "@babel/types": "^7.10.4"
      }
    },
    "@babel/helper-get-function-arity": {
      "version": "7.10.4",
      "resolved": "https://registry.npmjs.org/@babel/helper-get-function-arity/-/helper-get-function-arity-7.10.4.tgz",
      "integrity": "sha512-EkN3YDB+SRDgiIUnNgcmiD361ti+AVbL3f3Henf6dqqUyr5dMsorno0lJWJuLhDhkI5sYEpgj6y9kB8AOU1I2A==",
      "requires": {
        "@babel/types": "^7.10.4"
      }
    },
    "@babel/helper-member-expression-to-functions": {
      "version": "7.12.1",
      "resolved": "https://registry.npmjs.org/@babel/helper-member-expression-to-functions/-/helper-member-expression-to-functions-7.12.1.tgz",
      "integrity": "sha512-k0CIe3tXUKTRSoEx1LQEPFU9vRQfqHtl+kf8eNnDqb4AUJEy5pz6aIiog+YWtVm2jpggjS1laH68bPsR+KWWPQ==",
      "requires": {
        "@babel/types": "^7.12.1"
      }
    },
    "@babel/helper-optimise-call-expression": {
      "version": "7.10.4",
      "resolved": "https://registry.npmjs.org/@babel/helper-optimise-call-expression/-/helper-optimise-call-expression-7.10.4.tgz",
      "integrity": "sha512-n3UGKY4VXwXThEiKrgRAoVPBMqeoPgHVqiHZOanAJCG9nQUL2pLRQirUzl0ioKclHGpGqRgIOkgcIJaIWLpygg==",
      "requires": {
        "@babel/types": "^7.10.4"
      }
    },
    "@babel/helper-plugin-utils": {
      "version": "7.10.4",
      "resolved": "https://registry.npmjs.org/@babel/helper-plugin-utils/-/helper-plugin-utils-7.10.4.tgz",
      "integrity": "sha512-O4KCvQA6lLiMU9l2eawBPMf1xPP8xPfB3iEQw150hOVTqj/rfXz0ThTb4HEzqQfs2Bmo5Ay8BzxfzVtBrr9dVg=="
    },
    "@babel/helper-replace-supers": {
      "version": "7.12.1",
      "resolved": "https://registry.npmjs.org/@babel/helper-replace-supers/-/helper-replace-supers-7.12.1.tgz",
      "integrity": "sha512-zJjTvtNJnCFsCXVi5rUInstLd/EIVNmIKA1Q9ynESmMBWPWd+7sdR+G4/wdu+Mppfep0XLyG2m7EBPvjCeFyrw==",
      "requires": {
        "@babel/helper-member-expression-to-functions": "^7.12.1",
        "@babel/helper-optimise-call-expression": "^7.10.4",
        "@babel/traverse": "^7.12.1",
        "@babel/types": "^7.12.1"
      }
    },
    "@babel/helper-split-export-declaration": {
      "version": "7.11.0",
      "resolved": "https://registry.npmjs.org/@babel/helper-split-export-declaration/-/helper-split-export-declaration-7.11.0.tgz",
      "integrity": "sha512-74Vejvp6mHkGE+m+k5vHY93FX2cAtrw1zXrZXRlG4l410Nm9PxfEiVTn1PjDPV5SnmieiueY4AFg2xqhNFuuZg==",
      "requires": {
        "@babel/types": "^7.11.0"
      }
    },
    "@babel/helper-validator-identifier": {
      "version": "7.10.4",
      "resolved": "https://registry.npmjs.org/@babel/helper-validator-identifier/-/helper-validator-identifier-7.10.4.tgz",
      "integrity": "sha512-3U9y+43hz7ZM+rzG24Qe2mufW5KhvFg/NhnNph+i9mgCtdTCtMJuI1TMkrIUiK7Ix4PYlRF9I5dhqaLYA/ADXw=="
    },
    "@babel/helper-validator-option": {
      "version": "7.12.1",
      "resolved": "https://registry.npmjs.org/@babel/helper-validator-option/-/helper-validator-option-7.12.1.tgz",
      "integrity": "sha512-YpJabsXlJVWP0USHjnC/AQDTLlZERbON577YUVO/wLpqyj6HAtVYnWaQaN0iUN+1/tWn3c+uKKXjRut5115Y2A=="
    },
    "@babel/highlight": {
      "version": "7.10.4",
      "resolved": "https://registry.npmjs.org/@babel/highlight/-/highlight-7.10.4.tgz",
      "integrity": "sha512-i6rgnR/YgPEQzZZnbTHHuZdlE8qyoBNalD6F+q4vAFlcMEcqmkoG+mPqJYJCo63qPf74+Y1UZsl3l6f7/RIkmA==",
      "requires": {
        "@babel/helper-validator-identifier": "^7.10.4",
        "chalk": "^2.0.0",
        "js-tokens": "^4.0.0"
      }
    },
    "@babel/parser": {
      "version": "7.12.1",
      "resolved": "https://registry.npmjs.org/@babel/parser/-/parser-7.12.1.tgz",
      "integrity": "sha512-xjZsx0sBjb6J2+QkoHI69UeD2EWbsyUW0WyZKOoJ9sBrQLxfOApWEefR9dIVOYJVj97VRXnLKLDvnn3dPDNgww=="
    },
    "@babel/plugin-proposal-class-properties": {
      "version": "7.12.1",
      "resolved": "https://registry.npmjs.org/@babel/plugin-proposal-class-properties/-/plugin-proposal-class-properties-7.12.1.tgz",
      "integrity": "sha512-cKp3dlQsFsEs5CWKnN7BnSHOd0EOW8EKpEjkoz1pO2E5KzIDNV9Ros1b0CnmbVgAGXJubOYVBOGCT1OmJwOI7w==",
      "requires": {
        "@babel/helper-create-class-features-plugin": "^7.12.1",
        "@babel/helper-plugin-utils": "^7.10.4"
      }
    },
    "@babel/plugin-proposal-object-rest-spread": {
      "version": "7.12.1",
      "resolved": "https://registry.npmjs.org/@babel/plugin-proposal-object-rest-spread/-/plugin-proposal-object-rest-spread-7.12.1.tgz",
      "integrity": "sha512-s6SowJIjzlhx8o7lsFx5zmY4At6CTtDvgNQDdPzkBQucle58A6b/TTeEBYtyDgmcXjUTM+vE8YOGHZzzbc/ioA==",
      "requires": {
        "@babel/helper-plugin-utils": "^7.10.4",
        "@babel/plugin-syntax-object-rest-spread": "^7.8.0",
        "@babel/plugin-transform-parameters": "^7.12.1"
      }
    },
    "@babel/plugin-syntax-object-rest-spread": {
      "version": "7.8.3",
      "resolved": "https://registry.npmjs.org/@babel/plugin-syntax-object-rest-spread/-/plugin-syntax-object-rest-spread-7.8.3.tgz",
      "integrity": "sha512-XoqMijGZb9y3y2XskN+P1wUGiVwWZ5JmoDRwx5+3GmEplNyVM2s2Dg8ILFQm8rWM48orGy5YpI5Bl8U1y7ydlA==",
      "requires": {
        "@babel/helper-plugin-utils": "^7.8.0"
      }
    },
    "@babel/plugin-syntax-typescript": {
      "version": "7.12.1",
      "resolved": "https://registry.npmjs.org/@babel/plugin-syntax-typescript/-/plugin-syntax-typescript-7.12.1.tgz",
      "integrity": "sha512-UZNEcCY+4Dp9yYRCAHrHDU+9ZXLYaY9MgBXSRLkB9WjYFRR6quJBumfVrEkUxrePPBwFcpWfNKXqVRQQtm7mMA==",
      "requires": {
        "@babel/helper-plugin-utils": "^7.10.4"
      }
    },
    "@babel/plugin-transform-parameters": {
      "version": "7.12.1",
      "resolved": "https://registry.npmjs.org/@babel/plugin-transform-parameters/-/plugin-transform-parameters-7.12.1.tgz",
      "integrity": "sha512-xq9C5EQhdPK23ZeCdMxl8bbRnAgHFrw5EOC3KJUsSylZqdkCaFEXxGSBuTSObOpiiHHNyb82es8M1QYgfQGfNg==",
      "requires": {
        "@babel/helper-plugin-utils": "^7.10.4"
      }
    },
    "@babel/plugin-transform-typescript": {
      "version": "7.12.1",
      "resolved": "https://registry.npmjs.org/@babel/plugin-transform-typescript/-/plugin-transform-typescript-7.12.1.tgz",
      "integrity": "sha512-VrsBByqAIntM+EYMqSm59SiMEf7qkmI9dqMt6RbD/wlwueWmYcI0FFK5Fj47pP6DRZm+3teXjosKlwcZJ5lIMw==",
      "requires": {
        "@babel/helper-create-class-features-plugin": "^7.12.1",
        "@babel/helper-plugin-utils": "^7.10.4",
        "@babel/plugin-syntax-typescript": "^7.12.1"
      }
    },
    "@babel/preset-typescript": {
      "version": "7.12.7",
      "resolved": "https://registry.npmjs.org/@babel/preset-typescript/-/preset-typescript-7.12.7.tgz",
      "integrity": "sha512-nOoIqIqBmHBSEgBXWR4Dv/XBehtIFcw9PqZw6rFYuKrzsZmOQm3PR5siLBnKZFEsDb03IegG8nSjU/iXXXYRmw==",
      "requires": {
        "@babel/helper-plugin-utils": "^7.10.4",
        "@babel/helper-validator-option": "^7.12.1",
        "@babel/plugin-transform-typescript": "^7.12.1"
      }
    },
    "@babel/template": {
      "version": "7.10.4",
      "resolved": "https://registry.npmjs.org/@babel/template/-/template-7.10.4.tgz",
      "integrity": "sha512-ZCjD27cGJFUB6nmCB1Enki3r+L5kJveX9pq1SvAUKoICy6CZ9yD8xO086YXdYhvNjBdnekm4ZnaP5yC8Cs/1tA==",
      "requires": {
        "@babel/code-frame": "^7.10.4",
        "@babel/parser": "^7.10.4",
        "@babel/types": "^7.10.4"
      }
    },
    "@babel/traverse": {
      "version": "7.12.1",
      "resolved": "https://registry.npmjs.org/@babel/traverse/-/traverse-7.12.1.tgz",
      "integrity": "sha512-MA3WPoRt1ZHo2ZmoGKNqi20YnPt0B1S0GTZEPhhd+hw2KGUzBlHuVunj6K4sNuK+reEvyiPwtp0cpaqLzJDmAw==",
      "requires": {
        "@babel/code-frame": "^7.10.4",
        "@babel/generator": "^7.12.1",
        "@babel/helper-function-name": "^7.10.4",
        "@babel/helper-split-export-declaration": "^7.11.0",
        "@babel/parser": "^7.12.1",
        "@babel/types": "^7.12.1",
        "debug": "^4.1.0",
        "globals": "^11.1.0",
        "lodash": "^4.17.19"
      }
    },
    "@babel/types": {
      "version": "7.12.1",
      "resolved": "https://registry.npmjs.org/@babel/types/-/types-7.12.1.tgz",
      "integrity": "sha512-BzSY3NJBKM4kyatSOWh3D/JJ2O3CVzBybHWxtgxnggaxEuaSTTDqeiSb/xk9lrkw2Tbqyivw5ZU4rT+EfznQsA==",
      "requires": {
        "@babel/helper-validator-identifier": "^7.10.4",
        "lodash": "^4.17.19",
        "to-fast-properties": "^2.0.0"
      }
    },
    "ansi-styles": {
      "version": "3.2.1",
      "resolved": "https://registry.npmjs.org/ansi-styles/-/ansi-styles-3.2.1.tgz",
      "integrity": "sha512-VT0ZI6kZRdTh8YyJw3SMbYm/u+NqfsAxEpWO0Pf9sq8/e94WxxOpPKx9FR1FlyCtOVDNOQ+8ntlqFxiRc+r5qA==",
      "requires": {
        "color-convert": "^1.9.0"
      }
    },
    "chalk": {
      "version": "2.4.2",
      "resolved": "https://registry.npmjs.org/chalk/-/chalk-2.4.2.tgz",
      "integrity": "sha512-Mti+f9lpJNcwF4tWV8/OrTTtF1gZi+f8FqlyAdouralcFWFQWF2+NgCHShjkCb+IFBLq9buZwE1xckQU4peSuQ==",
      "requires": {
        "ansi-styles": "^3.2.1",
        "escape-string-regexp": "^1.0.5",
        "supports-color": "^5.3.0"
      }
    },
    "color-convert": {
      "version": "1.9.3",
      "resolved": "https://registry.npmjs.org/color-convert/-/color-convert-1.9.3.tgz",
      "integrity": "sha512-QfAUtd+vFdAtFQcC8CCyYt1fYWxSqAiK2cSD6zDB8N3cpsEBAvRxp9zOGg6G/SHHJYAT88/az/IuDGALsNVbGg==",
      "requires": {
        "color-name": "1.1.3"
      }
    },
    "color-name": {
      "version": "1.1.3",
      "resolved": "https://registry.npmjs.org/color-name/-/color-name-1.1.3.tgz",
      "integrity": "sha1-p9BVi9icQveV3UIyj3QIMcpTvCU="
    },
    "debug": {
      "version": "4.2.0",
      "resolved": "https://registry.npmjs.org/debug/-/debug-4.2.0.tgz",
      "integrity": "sha512-IX2ncY78vDTjZMFUdmsvIRFY2Cf4FnD0wRs+nQwJU8Lu99/tPFdb0VybiiMTPe3I6rQmwsqQqRBvxU+bZ/I8sg==",
      "requires": {
        "ms": "2.1.2"
      }
    },
    "escape-string-regexp": {
      "version": "1.0.5",
      "resolved": "https://registry.npmjs.org/escape-string-regexp/-/escape-string-regexp-1.0.5.tgz",
      "integrity": "sha1-G2HAViGQqN/2rjuyzwIAyhMLhtQ="
    },
    "globals": {
      "version": "11.12.0",
      "resolved": "https://registry.npmjs.org/globals/-/globals-11.12.0.tgz",
      "integrity": "sha512-WOBp/EEGUiIsJSp7wcv/y6MO+lV9UoncWqxuFfm8eBwzWNgyfBd6Gz+IeKQ9jCmyhoH99g15M3T+QaVHFjizVA=="
    },
    "has-flag": {
      "version": "3.0.0",
      "resolved": "https://registry.npmjs.org/has-flag/-/has-flag-3.0.0.tgz",
      "integrity": "sha1-tdRU3CGZriJWmfNGfloH87lVuv0="
    },
    "js-tokens": {
      "version": "4.0.0",
      "resolved": "https://registry.npmjs.org/js-tokens/-/js-tokens-4.0.0.tgz",
      "integrity": "sha512-RdJUflcE3cUzKiMqQgsCu06FPu9UdIJO0beYbPhHN4k6apgJtifcoCtT9bcxOpYBtpD2kCM6Sbzg4CausW/PKQ=="
    },
    "jsesc": {
      "version": "2.5.2",
      "resolved": "https://registry.npmjs.org/jsesc/-/jsesc-2.5.2.tgz",
      "integrity": "sha512-OYu7XEzjkCQ3C5Ps3QIZsQfNpqoJyZZA99wd9aWd05NCtC5pWOkShK2mkL6HXQR6/Cy2lbNdPlZBpuQHXE63gA=="
    },
    "lodash": {
      "version": "4.17.20",
      "resolved": "https://registry.npmjs.org/lodash/-/lodash-4.17.20.tgz",
      "integrity": "sha512-PlhdFcillOINfeV7Ni6oF1TAEayyZBoZ8bcshTHqOYJYlrqzRK5hagpagky5o4HfCzzd1TRkXPMFq6cKk9rGmA=="
    },
    "ms": {
      "version": "2.1.2",
      "resolved": "https://registry.npmjs.org/ms/-/ms-2.1.2.tgz",
      "integrity": "sha512-sGkPx+VjMtmA6MX27oA4FBFELFCZZ4S4XqeGOXCv68tT+jb3vk/RyaKWP0PTKyWtmLSM0b+adUTEvbs1PEaH2w=="
    },
    "source-map": {
      "version": "0.5.7",
      "resolved": "https://registry.npmjs.org/source-map/-/source-map-0.5.7.tgz",
      "integrity": "sha1-igOdLRAh0i0eoUyA2OpGi6LvP8w="
    },
    "supports-color": {
      "version": "5.5.0",
      "resolved": "https://registry.npmjs.org/supports-color/-/supports-color-5.5.0.tgz",
      "integrity": "sha512-QjVjwdXIt408MIiAqCX4oUKsgU2EqAGzs2Ppkm4aQYbjm+ZEWEcW4SfFNTr4uMNZma0ey4f5lgLrkB0aX0QMow==",
      "requires": {
        "has-flag": "^3.0.0"
      }
    },
    "to-fast-properties": {
      "version": "2.0.0",
      "resolved": "https://registry.npmjs.org/to-fast-properties/-/to-fast-properties-2.0.0.tgz",
      "integrity": "sha1-3F5pjL0HkmW8c+A3doGk5Og/YW4="
    }
  }
}
