{
  "name": "docusaurus-typescript-loader",
  "requires": true,
  "lockfileVersion": 1,
  "dependencies": {
    "@babel/code-frame": {
      "version": "7.14.5",
      "resolved": "https://registry.npmjs.org/@babel/code-frame/-/code-frame-7.14.5.tgz",
      "integrity": "sha512-9pzDqyc6OLDaqe+zbACgFkb6fKMNG6CObKpnYXChRsvYGyEdc7CA2BaqeOM+vOtCS5ndmJicPJhKAwYRI6UfFw==",
      "requires": {
        "@babel/highlight": "^7.14.5"
      }
    },
    "@babel/compat-data": {
      "version": "7.14.7",
      "resolved": "https://registry.npmjs.org/@babel/compat-data/-/compat-data-7.14.7.tgz",
      "integrity": "sha512-nS6dZaISCXJ3+518CWiBfEr//gHyMO02uDxBkXTKZDN5POruCnOZ1N4YBRZDCabwF8nZMWBpRxIicmXtBs+fvw=="
    },
    "@babel/generator": {
      "version": "7.14.5",
      "resolved": "https://registry.npmjs.org/@babel/generator/-/generator-7.14.5.tgz",
      "integrity": "sha512-y3rlP+/G25OIX3mYKKIOlQRcqj7YgrvHxOLbVmyLJ9bPmi5ttvUmpydVjcFjZphOktWuA7ovbx91ECloWTfjIA==",
      "requires": {
        "@babel/types": "^7.14.5",
        "jsesc": "^2.5.1",
        "source-map": "^0.5.0"
      }
    },
    "@babel/helper-annotate-as-pure": {
      "version": "7.14.5",
      "resolved": "https://registry.npmjs.org/@babel/helper-annotate-as-pure/-/helper-annotate-as-pure-7.14.5.tgz",
      "integrity": "sha512-EivH9EgBIb+G8ij1B2jAwSH36WnGvkQSEC6CkX/6v6ZFlw5fVOHvsgGF4uiEHO2GzMvunZb6tDLQEQSdrdocrA==",
      "requires": {
        "@babel/types": "^7.14.5"
      }
    },
    "@babel/helper-compilation-targets": {
      "version": "7.14.5",
      "resolved": "https://registry.npmjs.org/@babel/helper-compilation-targets/-/helper-compilation-targets-7.14.5.tgz",
      "integrity": "sha512-v+QtZqXEiOnpO6EYvlImB6zCD2Lel06RzOPzmkz/D/XgQiUu3C/Jb1LOqSt/AIA34TYi/Q+KlT8vTQrgdxkbLw==",
      "requires": {
        "@babel/compat-data": "^7.14.5",
        "@babel/helper-validator-option": "^7.14.5",
        "browserslist": "^4.16.6",
        "semver": "^6.3.0"
      }
    },
    "@babel/helper-create-class-features-plugin": {
      "version": "7.14.5",
      "resolved": "https://registry.npmjs.org/@babel/helper-create-class-features-plugin/-/helper-create-class-features-plugin-7.14.5.tgz",
      "integrity": "sha512-Uq9z2e7ZtcnDMirRqAGLRaLwJn+Lrh388v5ETrR3pALJnElVh2zqQmdbz4W2RUJYohAPh2mtyPUgyMHMzXMncQ==",
      "requires": {
        "@babel/helper-annotate-as-pure": "^7.14.5",
        "@babel/helper-function-name": "^7.14.5",
        "@babel/helper-member-expression-to-functions": "^7.14.5",
        "@babel/helper-optimise-call-expression": "^7.14.5",
        "@babel/helper-replace-supers": "^7.14.5",
        "@babel/helper-split-export-declaration": "^7.14.5"
      }
    },
    "@babel/helper-function-name": {
      "version": "7.14.5",
      "resolved": "https://registry.npmjs.org/@babel/helper-function-name/-/helper-function-name-7.14.5.tgz",
      "integrity": "sha512-Gjna0AsXWfFvrAuX+VKcN/aNNWonizBj39yGwUzVDVTlMYJMK2Wp6xdpy72mfArFq5uK+NOuexfzZlzI1z9+AQ==",
      "requires": {
        "@babel/helper-get-function-arity": "^7.14.5",
        "@babel/template": "^7.14.5",
        "@babel/types": "^7.14.5"
      }
    },
    "@babel/helper-get-function-arity": {
      "version": "7.14.5",
      "resolved": "https://registry.npmjs.org/@babel/helper-get-function-arity/-/helper-get-function-arity-7.14.5.tgz",
      "integrity": "sha512-I1Db4Shst5lewOM4V+ZKJzQ0JGGaZ6VY1jYvMghRjqs6DWgxLCIyFt30GlnKkfUeFLpJt2vzbMVEXVSXlIFYUg==",
      "requires": {
        "@babel/types": "^7.14.5"
      }
    },
    "@babel/helper-hoist-variables": {
      "version": "7.14.5",
      "resolved": "https://registry.npmjs.org/@babel/helper-hoist-variables/-/helper-hoist-variables-7.14.5.tgz",
      "integrity": "sha512-R1PXiz31Uc0Vxy4OEOm07x0oSjKAdPPCh3tPivn/Eo8cvz6gveAeuyUUPB21Hoiif0uoPQSSdhIPS3352nvdyQ==",
      "requires": {
        "@babel/types": "^7.14.5"
      }
    },
    "@babel/helper-member-expression-to-functions": {
      "version": "7.14.5",
      "resolved": "https://registry.npmjs.org/@babel/helper-member-expression-to-functions/-/helper-member-expression-to-functions-7.14.5.tgz",
      "integrity": "sha512-UxUeEYPrqH1Q/k0yRku1JE7dyfyehNwT6SVkMHvYvPDv4+uu627VXBckVj891BO8ruKBkiDoGnZf4qPDD8abDQ==",
      "requires": {
        "@babel/types": "^7.14.5"
      }
    },
    "@babel/helper-optimise-call-expression": {
      "version": "7.14.5",
      "resolved": "https://registry.npmjs.org/@babel/helper-optimise-call-expression/-/helper-optimise-call-expression-7.14.5.tgz",
      "integrity": "sha512-IqiLIrODUOdnPU9/F8ib1Fx2ohlgDhxnIDU7OEVi+kAbEZcyiF7BLU8W6PfvPi9LzztjS7kcbzbmL7oG8kD6VA==",
      "requires": {
        "@babel/types": "^7.14.5"
      }
    },
    "@babel/helper-plugin-utils": {
      "version": "7.14.5",
      "resolved": "https://registry.npmjs.org/@babel/helper-plugin-utils/-/helper-plugin-utils-7.14.5.tgz",
      "integrity": "sha512-/37qQCE3K0vvZKwoK4XU/irIJQdIfCJuhU5eKnNxpFDsOkgFaUAwbv+RYw6eYgsC0E4hS7r5KqGULUogqui0fQ=="
    },
    "@babel/helper-replace-supers": {
      "version": "7.14.5",
      "resolved": "https://registry.npmjs.org/@babel/helper-replace-supers/-/helper-replace-supers-7.14.5.tgz",
      "integrity": "sha512-3i1Qe9/8x/hCHINujn+iuHy+mMRLoc77b2nI9TB0zjH1hvn9qGlXjWlggdwUcju36PkPCy/lpM7LLUdcTyH4Ow==",
      "requires": {
        "@babel/helper-member-expression-to-functions": "^7.14.5",
        "@babel/helper-optimise-call-expression": "^7.14.5",
        "@babel/traverse": "^7.14.5",
        "@babel/types": "^7.14.5"
      }
    },
    "@babel/helper-split-export-declaration": {
      "version": "7.14.5",
      "resolved": "https://registry.npmjs.org/@babel/helper-split-export-declaration/-/helper-split-export-declaration-7.14.5.tgz",
      "integrity": "sha512-hprxVPu6e5Kdp2puZUmvOGjaLv9TCe58E/Fl6hRq4YiVQxIcNvuq6uTM2r1mT/oPskuS9CgR+I94sqAYv0NGKA==",
      "requires": {
        "@babel/types": "^7.14.5"
      }
    },
    "@babel/helper-validator-identifier": {
      "version": "7.14.5",
      "resolved": "https://registry.npmjs.org/@babel/helper-validator-identifier/-/helper-validator-identifier-7.14.5.tgz",
      "integrity": "sha512-5lsetuxCLilmVGyiLEfoHBRX8UCFD+1m2x3Rj97WrW3V7H3u4RWRXA4evMjImCsin2J2YT0QaVDGf+z8ondbAg=="
    },
    "@babel/helper-validator-option": {
      "version": "7.14.5",
      "resolved": "https://registry.npmjs.org/@babel/helper-validator-option/-/helper-validator-option-7.14.5.tgz",
      "integrity": "sha512-OX8D5eeX4XwcroVW45NMvoYaIuFI+GQpA2a8Gi+X/U/cDUIRsV37qQfF905F0htTRCREQIB4KqPeaveRJUl3Ow=="
    },
    "@babel/highlight": {
      "version": "7.14.5",
      "resolved": "https://registry.npmjs.org/@babel/highlight/-/highlight-7.14.5.tgz",
      "integrity": "sha512-qf9u2WFWVV0MppaL877j2dBtQIDgmidgjGk5VIMw3OadXvYaXn66U1BFlH2t4+t3i+8PhedppRv+i40ABzd+gg==",
      "requires": {
        "@babel/helper-validator-identifier": "^7.14.5",
        "chalk": "^2.0.0",
        "js-tokens": "^4.0.0"
      }
    },
    "@babel/parser": {
      "version": "7.14.5",
      "resolved": "https://registry.npmjs.org/@babel/parser/-/parser-7.14.5.tgz",
      "integrity": "sha512-TM8C+xtH/9n1qzX+JNHi7AN2zHMTiPUtspO0ZdHflW8KaskkALhMmuMHb4bCmNdv9VAPzJX3/bXqkVLnAvsPfg=="
    },
    "@babel/plugin-proposal-class-properties": {
      "version": "7.14.5",
      "resolved": "https://registry.npmjs.org/@babel/plugin-proposal-class-properties/-/plugin-proposal-class-properties-7.14.5.tgz",
      "integrity": "sha512-q/PLpv5Ko4dVc1LYMpCY7RVAAO4uk55qPwrIuJ5QJ8c6cVuAmhu7I/49JOppXL6gXf7ZHzpRVEUZdYoPLM04Gg==",
      "requires": {
        "@babel/helper-create-class-features-plugin": "^7.14.5",
        "@babel/helper-plugin-utils": "^7.14.5"
      }
    },
    "@babel/plugin-proposal-object-rest-spread": {
      "version": "7.14.7",
      "resolved": "https://registry.npmjs.org/@babel/plugin-proposal-object-rest-spread/-/plugin-proposal-object-rest-spread-7.14.7.tgz",
      "integrity": "sha512-082hsZz+sVabfmDWo1Oct1u1AgbKbUAyVgmX4otIc7bdsRgHBXwTwb3DpDmD4Eyyx6DNiuz5UAATT655k+kL5g==",
      "requires": {
        "@babel/compat-data": "^7.14.7",
        "@babel/helper-compilation-targets": "^7.14.5",
        "@babel/helper-plugin-utils": "^7.14.5",
        "@babel/plugin-syntax-object-rest-spread": "^7.8.3",
        "@babel/plugin-transform-parameters": "^7.14.5"
      }
    },
    "@babel/plugin-syntax-object-rest-spread": {
      "version": "7.8.3",
      "resolved": "https://registry.npmjs.org/@babel/plugin-syntax-object-rest-spread/-/plugin-syntax-object-rest-spread-7.8.3.tgz",
      "integrity": "sha512-XoqMijGZb9y3y2XskN+P1wUGiVwWZ5JmoDRwx5+3GmEplNyVM2s2Dg8ILFQm8rWM48orGy5YpI5Bl8U1y7ydlA==",
      "requires": {
        "@babel/helper-plugin-utils": "^7.8.0"
      }
    },
    "@babel/plugin-syntax-typescript": {
      "version": "7.14.5",
      "resolved": "https://registry.npmjs.org/@babel/plugin-syntax-typescript/-/plugin-syntax-typescript-7.14.5.tgz",
      "integrity": "sha512-u6OXzDaIXjEstBRRoBCQ/uKQKlbuaeE5in0RvWdA4pN6AhqxTIwUsnHPU1CFZA/amYObMsuWhYfRl3Ch90HD0Q==",
      "requires": {
        "@babel/helper-plugin-utils": "^7.14.5"
      }
    },
    "@babel/plugin-transform-parameters": {
      "version": "7.14.5",
      "resolved": "https://registry.npmjs.org/@babel/plugin-transform-parameters/-/plugin-transform-parameters-7.14.5.tgz",
      "integrity": "sha512-Tl7LWdr6HUxTmzQtzuU14SqbgrSKmaR77M0OKyq4njZLQTPfOvzblNKyNkGwOfEFCEx7KeYHQHDI0P3F02IVkA==",
      "requires": {
        "@babel/helper-plugin-utils": "^7.14.5"
      }
    },
    "@babel/plugin-transform-typescript": {
      "version": "7.14.5",
      "resolved": "https://registry.npmjs.org/@babel/plugin-transform-typescript/-/plugin-transform-typescript-7.14.5.tgz",
      "integrity": "sha512-cFD5PKp4b8/KkwQ7h71FdPXFvz1RgwTFF9akRZwFldb9G0AHf7CgoPx96c4Q/ZVjh6V81tqQwW5YiHws16OzPg==",
      "requires": {
        "@babel/helper-create-class-features-plugin": "^7.14.5",
        "@babel/helper-plugin-utils": "^7.14.5",
        "@babel/plugin-syntax-typescript": "^7.14.5"
      }
    },
    "@babel/preset-typescript": {
      "version": "7.14.5",
      "resolved": "https://registry.npmjs.org/@babel/preset-typescript/-/preset-typescript-7.14.5.tgz",
      "integrity": "sha512-u4zO6CdbRKbS9TypMqrlGH7sd2TAJppZwn3c/ZRLeO/wGsbddxgbPDUZVNrie3JWYLQ9vpineKlsrWFvO6Pwkw==",
      "requires": {
        "@babel/helper-plugin-utils": "^7.14.5",
        "@babel/helper-validator-option": "^7.14.5",
        "@babel/plugin-transform-typescript": "^7.14.5"
      }
    },
    "@babel/template": {
      "version": "7.14.5",
      "resolved": "https://registry.npmjs.org/@babel/template/-/template-7.14.5.tgz",
      "integrity": "sha512-6Z3Po85sfxRGachLULUhOmvAaOo7xCvqGQtxINai2mEGPFm6pQ4z5QInFnUrRpfoSV60BnjyF5F3c+15fxFV1g==",
      "requires": {
        "@babel/code-frame": "^7.14.5",
        "@babel/parser": "^7.14.5",
        "@babel/types": "^7.14.5"
      }
    },
    "@babel/traverse": {
      "version": "7.14.5",
      "resolved": "https://registry.npmjs.org/@babel/traverse/-/traverse-7.14.5.tgz",
      "integrity": "sha512-G3BiS15vevepdmFqmUc9X+64y0viZYygubAMO8SvBmKARuF6CPSZtH4Ng9vi/lrWlZFGe3FWdXNy835akH8Glg==",
      "requires": {
        "@babel/code-frame": "^7.14.5",
        "@babel/generator": "^7.14.5",
        "@babel/helper-function-name": "^7.14.5",
        "@babel/helper-hoist-variables": "^7.14.5",
        "@babel/helper-split-export-declaration": "^7.14.5",
        "@babel/parser": "^7.14.5",
        "@babel/types": "^7.14.5",
        "debug": "^4.1.0",
        "globals": "^11.1.0"
      }
    },
    "@babel/types": {
      "version": "7.14.5",
      "resolved": "https://registry.npmjs.org/@babel/types/-/types-7.14.5.tgz",
      "integrity": "sha512-M/NzBpEL95I5Hh4dwhin5JlE7EzO5PHMAuzjxss3tiOBD46KfQvVedN/3jEPZvdRvtsK2222XfdHogNIttFgcg==",
      "requires": {
        "@babel/helper-validator-identifier": "^7.14.5",
        "to-fast-properties": "^2.0.0"
      }
    },
    "ansi-styles": {
      "version": "3.2.1",
      "resolved": "https://registry.npmjs.org/ansi-styles/-/ansi-styles-3.2.1.tgz",
      "integrity": "sha512-VT0ZI6kZRdTh8YyJw3SMbYm/u+NqfsAxEpWO0Pf9sq8/e94WxxOpPKx9FR1FlyCtOVDNOQ+8ntlqFxiRc+r5qA==",
      "requires": {
        "color-convert": "^1.9.0"
      }
    },
    "browserslist": {
      "version": "4.16.6",
      "resolved": "https://registry.npmjs.org/browserslist/-/browserslist-4.16.6.tgz",
      "integrity": "sha512-Wspk/PqO+4W9qp5iUTJsa1B/QrYn1keNCcEP5OvP7WBwT4KaDly0uONYmC6Xa3Z5IqnUgS0KcgLYu1l74x0ZXQ==",
      "requires": {
        "caniuse-lite": "^1.0.30001219",
        "colorette": "^1.2.2",
        "electron-to-chromium": "^1.3.723",
        "escalade": "^3.1.1",
        "node-releases": "^1.1.71"
      }
    },
    "caniuse-lite": {
      "version": "1.0.30001240",
      "resolved": "https://registry.npmjs.org/caniuse-lite/-/caniuse-lite-1.0.30001240.tgz",
      "integrity": "sha512-nb8mDzfMdxBDN7ZKx8chWafAdBp5DAAlpWvNyUGe5tcDWd838zpzDN3Rah9cjCqhfOKkrvx40G2SDtP0qiWX/w=="
    },
    "chalk": {
      "version": "2.4.2",
      "resolved": "https://registry.npmjs.org/chalk/-/chalk-2.4.2.tgz",
      "integrity": "sha512-Mti+f9lpJNcwF4tWV8/OrTTtF1gZi+f8FqlyAdouralcFWFQWF2+NgCHShjkCb+IFBLq9buZwE1xckQU4peSuQ==",
      "requires": {
        "ansi-styles": "^3.2.1",
        "escape-string-regexp": "^1.0.5",
        "supports-color": "^5.3.0"
      }
    },
    "color-convert": {
      "version": "1.9.3",
      "resolved": "https://registry.npmjs.org/color-convert/-/color-convert-1.9.3.tgz",
      "integrity": "sha512-QfAUtd+vFdAtFQcC8CCyYt1fYWxSqAiK2cSD6zDB8N3cpsEBAvRxp9zOGg6G/SHHJYAT88/az/IuDGALsNVbGg==",
      "requires": {
        "color-name": "1.1.3"
      }
    },
    "color-name": {
      "version": "1.1.3",
      "resolved": "https://registry.npmjs.org/color-name/-/color-name-1.1.3.tgz",
      "integrity": "sha1-p9BVi9icQveV3UIyj3QIMcpTvCU="
    },
    "colorette": {
      "version": "1.2.2",
      "resolved": "https://registry.npmjs.org/colorette/-/colorette-1.2.2.tgz",
      "integrity": "sha512-MKGMzyfeuutC/ZJ1cba9NqcNpfeqMUcYmyF1ZFY6/Cn7CNSAKx6a+s48sqLqyAiZuaP2TcqMhoo+dlwFnVxT9w=="
    },
    "debug": {
      "version": "4.3.1",
      "resolved": "https://registry.npmjs.org/debug/-/debug-4.3.1.tgz",
      "integrity": "sha512-doEwdvm4PCeK4K3RQN2ZC2BYUBaxwLARCqZmMjtF8a51J2Rb0xpVloFRnCODwqjpwnAoao4pelN8l3RJdv3gRQ==",
      "requires": {
        "ms": "2.1.2"
      }
    },
    "electron-to-chromium": {
      "version": "1.3.760",
      "resolved": "https://registry.npmjs.org/electron-to-chromium/-/electron-to-chromium-1.3.760.tgz",
      "integrity": "sha512-XPKwjX6pHezJWB4FLVuSil9gGmU6XYl27ahUwEHODXF4KjCEB8RuIT05MkU1au2Tdye57o49yY0uCMK+bwUt+A=="
    },
    "escalade": {
      "version": "3.1.1",
      "resolved": "https://registry.npmjs.org/escalade/-/escalade-3.1.1.tgz",
      "integrity": "sha512-k0er2gUkLf8O0zKJiAhmkTnJlTvINGv7ygDNPbeIsX/TJjGJZHuh9B2UxbsaEkmlEo9MfhrSzmhIlhRlI2GXnw=="
    },
    "escape-string-regexp": {
      "version": "1.0.5",
      "resolved": "https://registry.npmjs.org/escape-string-regexp/-/escape-string-regexp-1.0.5.tgz",
      "integrity": "sha1-G2HAViGQqN/2rjuyzwIAyhMLhtQ="
    },
    "globals": {
      "version": "11.12.0",
      "resolved": "https://registry.npmjs.org/globals/-/globals-11.12.0.tgz",
      "integrity": "sha512-WOBp/EEGUiIsJSp7wcv/y6MO+lV9UoncWqxuFfm8eBwzWNgyfBd6Gz+IeKQ9jCmyhoH99g15M3T+QaVHFjizVA=="
    },
    "has-flag": {
      "version": "3.0.0",
      "resolved": "https://registry.npmjs.org/has-flag/-/has-flag-3.0.0.tgz",
      "integrity": "sha1-tdRU3CGZriJWmfNGfloH87lVuv0="
    },
    "js-tokens": {
      "version": "4.0.0",
      "resolved": "https://registry.npmjs.org/js-tokens/-/js-tokens-4.0.0.tgz",
      "integrity": "sha512-RdJUflcE3cUzKiMqQgsCu06FPu9UdIJO0beYbPhHN4k6apgJtifcoCtT9bcxOpYBtpD2kCM6Sbzg4CausW/PKQ=="
    },
    "jsesc": {
      "version": "2.5.2",
      "resolved": "https://registry.npmjs.org/jsesc/-/jsesc-2.5.2.tgz",
      "integrity": "sha512-OYu7XEzjkCQ3C5Ps3QIZsQfNpqoJyZZA99wd9aWd05NCtC5pWOkShK2mkL6HXQR6/Cy2lbNdPlZBpuQHXE63gA=="
    },
    "ms": {
      "version": "2.1.2",
      "resolved": "https://registry.npmjs.org/ms/-/ms-2.1.2.tgz",
      "integrity": "sha512-sGkPx+VjMtmA6MX27oA4FBFELFCZZ4S4XqeGOXCv68tT+jb3vk/RyaKWP0PTKyWtmLSM0b+adUTEvbs1PEaH2w=="
    },
    "node-releases": {
      "version": "1.1.73",
      "resolved": "https://registry.npmjs.org/node-releases/-/node-releases-1.1.73.tgz",
      "integrity": "sha512-uW7fodD6pyW2FZNZnp/Z3hvWKeEW1Y8R1+1CnErE8cXFXzl5blBOoVB41CvMer6P6Q0S5FXDwcHgFd1Wj0U9zg=="
    },
    "semver": {
      "version": "6.3.0",
      "resolved": "https://registry.npmjs.org/semver/-/semver-6.3.0.tgz",
      "integrity": "sha512-b39TBaTSfV6yBrapU89p5fKekE2m/NwnDocOVruQFS1/veMgdzuPcnOM34M6CwxW8jH/lxEa5rBoDeUwu5HHTw=="
    },
    "source-map": {
      "version": "0.5.7",
      "resolved": "https://registry.npmjs.org/source-map/-/source-map-0.5.7.tgz",
      "integrity": "sha1-igOdLRAh0i0eoUyA2OpGi6LvP8w="
    },
    "supports-color": {
      "version": "5.5.0",
      "resolved": "https://registry.npmjs.org/supports-color/-/supports-color-5.5.0.tgz",
      "integrity": "sha512-QjVjwdXIt408MIiAqCX4oUKsgU2EqAGzs2Ppkm4aQYbjm+ZEWEcW4SfFNTr4uMNZma0ey4f5lgLrkB0aX0QMow==",
      "requires": {
        "has-flag": "^3.0.0"
      }
    },
    "to-fast-properties": {
      "version": "2.0.0",
      "resolved": "https://registry.npmjs.org/to-fast-properties/-/to-fast-properties-2.0.0.tgz",
      "integrity": "sha1-3F5pjL0HkmW8c+A3doGk5Og/YW4="
    }
  }
}
